
Microsoft Visual Studio Solution File, Format Version 12.00
# Visual Studio Version 17
VisualStudioVersion = 17.9.34622.214
MinimumVisualStudioVersion = 10.0.40219.1
Project("{FAE04EC0-301F-11D3-BF4B-00C04F79EFBC}") = "exercicio-banco", "exercicio-banco\exercicio-banco.csproj", "{B2E32FB8-BA14-43DD-9DA5-AD7BC38337D7}"
EndProject
Global
	GlobalSection(SolutionConfigurationPlatforms) = preSolution
		Debug|Any CPU = Debug|Any CPU
		Release|Any CPU = Release|Any CPU
	EndGlobalSection
	GlobalSection(ProjectConfigurationPlatforms) = postSolution
		{B2E32FB8-BA14-43DD-9DA5-AD7BC38337D7}.Debug|Any CPU.ActiveCfg = Debug|Any CPU
		{B2E32FB8-BA14-43DD-9DA5-AD7BC38337D7}.Debug|Any CPU.Build.0 = Debug|Any CPU
		{B2E32FB8-BA14-43DD-9DA5-AD7BC38337D7}.Release|Any CPU.ActiveCfg = Release|Any CPU
		{B2E32FB8-BA14-43DD-9DA5-AD7BC38337D7}.Release|Any CPU.Build.0 = Release|Any CPU
	EndGlobalSection
	GlobalSection(SolutionProperties) = preSolution
		HideSolutionNode = FALSE
	EndGlobalSection
	GlobalSection(ExtensibilityGlobals) = postSolution
		SolutionGuid = {9C506B4E-F3DD-4B0B-8C11-743D21FDA2DD}
	EndGlobalSection
EndGlobal
